<?xml version="1.0" encoding="utf-8"?>
<Project ToolsVersion="4.0" xmlns="http://schemas.microsoft.com/developer/msbuild/2003">
  <ItemGroup>
    <ClCompile Include="entry.cpp" />
    <ClCompile Include="vcruntime\vcruntime.cpp" />
    <ClCompile Include="vcruntime\kernel32\functions.cpp" />
    <ClCompile Include="vcruntime\memory\scan.cpp" />
    <ClCompile Include="vcruntime\pe\image.cpp" />
    <ClCompile Include="vcruntime\safe\memcpy.cpp" />
    <ClCompile Include="vcruntime\safe\safe.cpp" />
    <ClCompile Include="vcruntime\msvcrt.cpp" />
    <ClCompile Include="util\hde\hde64.cpp" />
    <ClCompile Include="util\logger.cpp" />
    <ClCompile Include="imgui\directx11\imgui_impl_dx11.cpp" />
    <ClCompile Include="imgui\directx11\imgui_impl_win32.cpp" />
    <ClCompile Include="imgui\imgui.cpp" />
    <ClCompile Include="imgui\imgui_draw.cpp" />
    <ClCompile Include="imgui\imgui_tables.cpp" />
    <ClCompile Include="imgui\imgui_widgets.cpp" />
    <ClCompile Include="game\il2cpp\il2cpp.cpp" />
    <ClCompile Include="renderer\renderer.cpp" />
    <ClCompile Include="renderer\color.cpp" />
    <ClCompile Include="core\core.cpp" />
    <ClCompile Include="ui\framework.cpp" />
    <ClCompile Include="vcruntime\safe\secure.cpp" />
    <ClCompile Include="options\rconfig.cpp" />
  </ItemGroup>
  <ItemGroup>
    <ClInclude Include="vcruntime\include.hpp" />
    <ClInclude Include="vcruntime\constant\character.hpp" />
    <ClInclude Include="vcruntime\constant\hash.hpp" />
    <ClInclude Include="vcruntime\constant\xor.hpp" />
    <ClInclude Include="vcruntime\core.hpp" />
    <ClInclude Include="vcruntime\core\singleton.hpp" />
    <ClInclude Include="vcruntime\core\timer.hpp" />
    <ClInclude Include="vcruntime\kernel32\functions.hpp" />
    <ClInclude Include="vcruntime\memory\operation.hpp" />
    <ClInclude Include="vcruntime\memory\scan.hpp" />
    <ClInclude Include="vcruntime\nt\functions.hpp" />
    <ClInclude Include="vcruntime\nt\nt.hpp" />
    <ClInclude Include="vcruntime\pe\image.hpp" />
    <ClInclude Include="vcruntime\safe\memcpy.hpp" />
    <ClInclude Include="vcruntime\safe\safe.hpp" />
    <ClInclude Include="util\hde\hde64.hpp" />
    <ClInclude Include="util\hde\table64.hpp" />
    <ClInclude Include="util\logger.hpp" />
    <ClInclude Include="imgui\directx11\imgui_impl_dx11.h" />
    <ClInclude Include="imgui\directx11\imgui_impl_win32.h" />
    <ClInclude Include="imgui\directx11\imgui_shader_dx11.hpp" />
    <ClInclude Include="imgui\imconfig.h" />
    <ClInclude Include="imgui\imgui.h" />
    <ClInclude Include="imgui\imgui_internal.h" />
    <ClInclude Include="imgui\imstb_rectpack.h" />
    <ClInclude Include="imgui\imstb_textedit.h" />
    <ClInclude Include="imgui\imstb_truetype.h" />
    <ClInclude Include="core\core.hpp" />
    <ClInclude Include="game\il2cpp\il2cpp.hpp" />
    <ClInclude Include="game\features\visuals.hpp" />
    <ClInclude Include="game\features\features.hpp" />
    <ClInclude Include="game\features\misc.hpp" />
    <ClInclude Include="renderer\renderer.hpp" />
    <ClInclude Include="renderer\color.hpp" />
    <ClInclude Include="util\util.hpp" />
    <ClInclude Include="game\features\aimbot.hpp" />
    <ClInclude Include="ui\framework.hpp" />
    <ClInclude Include="renderer\input_handler.hpp" />
    <ClInclude Include="game\sdk\sdk.hpp" />
    <ClInclude Include="game\sdk\unity.hpp" />
    <ClInclude Include="game\sdk\base_player.hpp" />
    <ClInclude Include="game\sdk\base_combat_entity.hpp" />
    <ClInclude Include="game\sdk\base_entity.hpp" />
    <ClInclude Include="game\sdk\base_networkable.hpp" />
    <ClInclude Include="game\sdk\base_movement.hpp" />
    <ClInclude Include="game\sdk\player_walk_movement.hpp" />
    <ClInclude Include="game\sdk\player_model.hpp" />
    <ClInclude Include="game\sdk\model.hpp" />
    <ClInclude Include="game\sdk\player_inventory.hpp" />
    <ClInclude Include="game\sdk\item_container.hpp" />
    <ClInclude Include="game\sdk\item.hpp" />
    <ClInclude Include="game\sdk\item_definition.hpp" />
    <ClInclude Include="game\sdk\held_entity.hpp" />
    <ClInclude Include="game\sdk\model_state.hpp" />
    <ClInclude Include="game\sdk\convar.hpp" />
    <ClInclude Include="game\sdk\world_item.hpp" />
    <ClInclude Include="game\sdk\building_privlidge.hpp" />
    <ClInclude Include="game\sdk\player_name_id.hpp" />
    <ClInclude Include="game\sdk\console_gen.hpp" />
    <ClInclude Include="game\sdk\game_manager.hpp" />
    <ClInclude Include="game\sdk\player_input.hpp" />
    <ClInclude Include="game\sdk\projectile.hpp" />
    <ClInclude Include="game\sdk\player_eyes.hpp" />
    <ClInclude Include="game\sdk\base_mountable.hpp" />
    <ClInclude Include="game\sdk\player_tick.hpp" />
    <ClInclude Include="game\sdk\input_state.hpp" />
    <ClInclude Include="vcruntime\memory\virtual.hpp" />
    <ClInclude Include="game\hooks.hpp" />
    <ClInclude Include="game\sdk\item_icon.hpp" />
    <ClInclude Include="game\sdk\stash_container.hpp" />
    <ClInclude Include="game\sdk\vending_machine.hpp" />
    <ClInclude Include="game\sdk\hit_test.hpp" />
    <ClInclude Include="game\sdk\main_camera.hpp" />
    <ClInclude Include="game\sdk\game_physics.hpp" />
    <ClInclude Include="game\sdk\player_team.hpp" />
    <ClInclude Include="game\sdk\projectile_shoot.hpp" />
    <ClInclude Include="game\sdk\magazine.hpp" />
    <ClInclude Include="game\sdk\item_mod_projectile.hpp" />
    <ClInclude Include="game\sdk\building_block.hpp" />
    <ClInclude Include="game\sdk\player_projectile_attack.hpp" />
    <ClInclude Include="game\sdk\player_attack.hpp" />
    <ClInclude Include="game\sdk\attack.hpp" />
    <ClInclude Include="game\sdk\environment.hpp" />
    <ClInclude Include="game\sdk\workbench.hpp" />
    <ClInclude Include="vcruntime\safe\secure.hpp" />
    <ClInclude Include="game\sdk\hit_info.hpp" />
    <ClInclude Include="game\sdk\view_model.hpp" />
    <ClInclude Include="game\sdk\water_level.hpp" />
    <ClInclude Include="game\sdk\hackable_locked_crate.hpp" />
    <ClInclude Include="game\sdk\trigger_safe_zone.hpp" />
    <ClInclude Include="game\sdk\rust_application.hpp" />
    <ClInclude Include="game\sdk\player_blueprints.hpp" />
    <ClInclude Include="game\sdk\facepunch.hpp" />
    <ClInclude Include="options\rconfig.hpp" />
    <ClInclude Include="options\config_mgr.hpp" />
    <ClInclude Include="game\sdk\map_interface.hpp" />
    <ClInclude Include="ui\ui.hpp" />
    <ClInclude Include="game\sdk\console_system.hpp" />
    <ClInclude Include="game\sdk\game_trace.hpp" />
    <ClInclude Include="game\sdk\map_marker.hpp" />
    <ClInclude Include="game\sdk\camera_man.hpp" />
    <ClInclude Include="game\sdk\buttons.hpp" />
    <ClInclude Include="game\sdk\player_projectile_update.hpp" />
    <ClInclude Include="game\sdk\patrol_helicopter.hpp" />
    <ClInclude Include="game\sdk\terrain_meta.hpp" />
    <ClInclude Include="game\sdk\lootable_corpse.hpp" />
    <ClInclude Include="game\sdk\dropped_item_container.hpp" />
    <ClInclude Include="game\sdk\console_ui.hpp" />
    <ClInclude Include="game\sdk\patrol_helicopter_ai.hpp" />
    <ClInclude Include="renderer\fonts.hpp" />
  </ItemGroup>
  <ItemGroup>
    <MASM Include="vcruntime\safe\x64\safe_call.asm" />
    <MASM Include="vcruntime\safe\x64\system_call.asm" />
  </ItemGroup>
  <ItemGroup>
    <None Include="game\sdk\entity.hpp" />
    <None Include="game\sdk\loot_panel_vending_machine.hpp" />
  </ItemGroup>
</Project>